# This file is automatically @generated by Cargo.
# It is not intended for manual editing.
version = 4

[[package]]
name = "arcstr"
version = "1.2.0"
source = "registry+https://github.com/rust-lang/crates.io-index"
checksum = "03918c3dbd7701a85c6b9887732e2921175f26c350b4563841d0958c21d57e6d"

[[package]]
name = "arcstr_driver"
version = "0.1.0"
dependencies = [
 "arcstr",
]
