# This file is automatically @generated by Cargo.
# It is not intended for manual editing.
[[package]]
name = "aho-corasick"
version = "1.1.3"
source = "registry+https://github.com/rust-lang/crates.io-index"
dependencies = [
 "memchr 2.7.6 (registry+https://github.com/rust-lang/crates.io-index)",
]

[[package]]
name = "anes"
version = "0.2.1"
source = "registry+https://github.com/rust-lang/crates.io-index"

[[package]]
name = "api-test"
version = "0.0.0"
dependencies = [
 "paste 1.0.15 (registry+https://github.com/rust-lang/crates.io-index)",
 "portable-atomic 1.11.1",
]

[[package]]
name = "bench"
version = "0.0.0"
dependencies = [
 "build-context 0.1.3 (registry+https://github.com/rust-lang/crates.io-index)",
 "criterion 0.3.5 (git+https://github.com/taiki-e/criterion.rs.git?rev=8617cd7)",
 "crossbeam-utils 0.8.16 (registry+https://github.com/rust-lang/crates.io-index)",
 "fastrand 2.3.0 (registry+https://github.com/rust-lang/crates.io-index)",
 "libc 0.2.163 (registry+https://github.com/rust-lang/crates.io-index)",
 "paste 1.0.15 (registry+https://github.com/rust-lang/crates.io-index)",
 "quickcheck 1.0.3 (git+https://github.com/taiki-e/quickcheck.git?rev=83b1d59)",
 "static_assertions 1.1.0 (registry+https://github.com/rust-lang/crates.io-index)",
 "test-helper 0.0.0 (git+https://github.com/taiki-e/test-helper.git?rev=9b4be43)",
 "windows-sys 0.61.2 (registry+https://github.com/rust-lang/crates.io-index)",
]

[[package]]
name = "build-context"
version = "0.1.3"
source = "registry+https://github.com/rust-lang/crates.io-index"

[[package]]
name = "cc"
version = "1.2.41"
source = "registry+https://github.com/rust-lang/crates.io-index"
dependencies = [
 "find-msvc-tools 0.1.4 (registry+https://github.com/rust-lang/crates.io-index)",
 "jobserver 0.1.32 (registry+https://github.com/rust-lang/crates.io-index)",
 "libc 0.2.163 (registry+https://github.com/rust-lang/crates.io-index)",
 "shlex 1.3.0 (registry+https://github.com/rust-lang/crates.io-index)",
]

[[package]]
name = "cfg-if"
version = "1.0.3"
source = "registry+https://github.com/rust-lang/crates.io-index"

[[package]]
name = "ciborium"
version = "0.2.2"
source = "registry+https://github.com/rust-lang/crates.io-index"
dependencies = [
 "ciborium-io 0.2.2 (registry+https://github.com/rust-lang/crates.io-index)",
 "ciborium-ll 0.2.2 (registry+https://github.com/rust-lang/crates.io-index)",
 "serde 1.0.228 (registry+https://github.com/rust-lang/crates.io-index)",
]

[[package]]
name = "ciborium-io"
version = "0.2.2"
source = "registry+https://github.com/rust-lang/crates.io-index"

[[package]]
name = "ciborium-ll"
version = "0.2.2"
source = "registry+https://github.com/rust-lang/crates.io-index"
dependencies = [
 "ciborium-io 0.2.2 (registry+https://github.com/rust-lang/crates.io-index)",
 "half 2.7.0 (registry+https://github.com/rust-lang/crates.io-index)",
]

[[package]]
name = "crabgrind"
version = "0.1.12"
source = "registry+https://github.com/rust-lang/crates.io-index"
dependencies = [
 "cc 1.2.41 (registry+https://github.com/rust-lang/crates.io-index)",
]

[[package]]
name = "criterion"
version = "0.3.5"
source = "git+https://github.com/taiki-e/criterion.rs.git?rev=8617cd7#8617cd7a85d3dd5953f95f5b969e2b3442952a6f"
dependencies = [
 "anes 0.2.1 (registry+https://github.com/rust-lang/crates.io-index)",
 "ciborium 0.2.2 (registry+https://github.com/rust-lang/crates.io-index)",
 "fastrand 2.3.0 (registry+https://github.com/rust-lang/crates.io-index)",
 "lexopt 0.3.1 (registry+https://github.com/rust-lang/crates.io-index)",
 "regex 1.12.1 (registry+https://github.com/rust-lang/crates.io-index)",
 "serde 1.0.228 (registry+https://github.com/rust-lang/crates.io-index)",
 "serde_derive 1.0.228 (registry+https://github.com/rust-lang/crates.io-index)",
 "serde_json 1.0.145 (registry+https://github.com/rust-lang/crates.io-index)",
 "tabwriter 1.4.1 (registry+https://github.com/rust-lang/crates.io-index)",
 "termcolor 1.4.1 (registry+https://github.com/rust-lang/crates.io-index)",
 "unicode-width 0.1.14 (registry+https://github.com/rust-lang/crates.io-index)",
 "walkdir 2.5.0 (registry+https://github.com/rust-lang/crates.io-index)",
]

[[package]]
name = "critical-section"
version = "1.2.0"
source = "registry+https://github.com/rust-lang/crates.io-index"

[[package]]
name = "crossbeam-utils"
version = "0.8.16"
source = "registry+https://github.com/rust-lang/crates.io-index"
dependencies = [
 "cfg-if 1.0.3 (registry+https://github.com/rust-lang/crates.io-index)",
]

[[package]]
name = "crunchy"
version = "0.2.4"
source = "registry+https://github.com/rust-lang/crates.io-index"

[[package]]
name = "fastrand"
version = "2.3.0"
source = "registry+https://github.com/rust-lang/crates.io-index"

[[package]]
name = "find-msvc-tools"
version = "0.1.4"
source = "registry+https://github.com/rust-lang/crates.io-index"

[[package]]
name = "getrandom"
version = "0.2.16"
source = "registry+https://github.com/rust-lang/crates.io-index"
dependencies = [
 "cfg-if 1.0.3 (registry+https://github.com/rust-lang/crates.io-index)",
 "libc 0.2.163 (registry+https://github.com/rust-lang/crates.io-index)",
 "wasi 0.11.1+wasi-snapshot-preview1 (registry+https://github.com/rust-lang/crates.io-index)",
]

[[package]]
name = "half"
version = "2.7.0"
source = "registry+https://github.com/rust-lang/crates.io-index"
dependencies = [
 "cfg-if 1.0.3 (registry+https://github.com/rust-lang/crates.io-index)",
 "crunchy 0.2.4 (registry+https://github.com/rust-lang/crates.io-index)",
 "zerocopy 0.8.27 (registry+https://github.com/rust-lang/crates.io-index)",
]

[[package]]
name = "itoa"
version = "1.0.15"
source = "registry+https://github.com/rust-lang/crates.io-index"

[[package]]
name = "jobserver"
version = "0.1.32"
source = "registry+https://github.com/rust-lang/crates.io-index"
dependencies = [
 "libc 0.2.163 (registry+https://github.com/rust-lang/crates.io-index)",
]

[[package]]
name = "lexopt"
version = "0.3.1"
source = "registry+https://github.com/rust-lang/crates.io-index"

[[package]]
name = "libc"
version = "0.2.163"
source = "registry+https://github.com/rust-lang/crates.io-index"

[[package]]
name = "memchr"
version = "2.7.6"
source = "registry+https://github.com/rust-lang/crates.io-index"

[[package]]
name = "paste"
version = "1.0.15"
source = "registry+https://github.com/rust-lang/crates.io-index"

[[package]]
name = "portable-atomic"
version = "1.11.1"
dependencies = [
 "build-context 0.1.3 (registry+https://github.com/rust-lang/crates.io-index)",
 "crabgrind 0.1.12 (registry+https://github.com/rust-lang/crates.io-index)",
 "critical-section 1.2.0 (registry+https://github.com/rust-lang/crates.io-index)",
 "crossbeam-utils 0.8.16 (registry+https://github.com/rust-lang/crates.io-index)",
 "fastrand 2.3.0 (registry+https://github.com/rust-lang/crates.io-index)",
 "libc 0.2.163 (registry+https://github.com/rust-lang/crates.io-index)",
 "paste 1.0.15 (registry+https://github.com/rust-lang/crates.io-index)",
 "quickcheck 1.0.3 (git+https://github.com/taiki-e/quickcheck.git?rev=83b1d59)",
 "rustversion 1.0.22 (registry+https://github.com/rust-lang/crates.io-index)",
 "serde 1.0.228 (registry+https://github.com/rust-lang/crates.io-index)",
 "serde_test 1.0.177 (git+https://github.com/taiki-e/serde_test.git?rev=df513c5)",
 "sptr 0.3.2 (registry+https://github.com/rust-lang/crates.io-index)",
 "static_assertions 1.1.0 (registry+https://github.com/rust-lang/crates.io-index)",
 "test-helper 0.0.0 (git+https://github.com/taiki-e/test-helper.git?rev=9b4be43)",
 "windows-sys 0.61.2 (registry+https://github.com/rust-lang/crates.io-index)",
]

[[package]]
name = "portable-atomic-util"
version = "0.2.4"
dependencies = [
 "build-context 0.1.3 (registry+https://github.com/rust-lang/crates.io-index)",
 "portable-atomic 1.11.1",
]

[[package]]
name = "proc-macro2"
version = "1.0.101"
source = "registry+https://github.com/rust-lang/crates.io-index"
dependencies = [
 "unicode-ident 1.0.19 (registry+https://github.com/rust-lang/crates.io-index)",
]

[[package]]
name = "quickcheck"
version = "1.0.3"
source = "git+https://github.com/taiki-e/quickcheck.git?rev=83b1d59#83b1d5955557fc9dacc52d4a78098d8e6d7eda3b"
dependencies = [
 "rand 0.8.5 (git+https://github.com/taiki-e/rand.git?branch=0.8-dev)",
]

[[package]]
name = "quote"
version = "1.0.41"
source = "registry+https://github.com/rust-lang/crates.io-index"
dependencies = [
 "proc-macro2 1.0.101 (registry+https://github.com/rust-lang/crates.io-index)",
]

[[package]]
name = "rand"
version = "0.8.5"
source = "git+https://github.com/taiki-e/rand.git?branch=0.8-dev#f77e22f24a7de0cd22b3af6c3b6285688e60b2e7"
dependencies = [
 "rand_core 0.6.4 (git+https://github.com/taiki-e/rand.git?branch=0.8-dev)",
]

[[package]]
name = "rand_core"
version = "0.6.4"
source = "git+https://github.com/taiki-e/rand.git?branch=0.8-dev#f77e22f24a7de0cd22b3af6c3b6285688e60b2e7"
dependencies = [
 "getrandom 0.2.16 (registry+https://github.com/rust-lang/crates.io-index)",
]

[[package]]
name = "regex"
version = "1.12.1"
source = "registry+https://github.com/rust-lang/crates.io-index"
dependencies = [
 "aho-corasick 1.1.3 (registry+https://github.com/rust-lang/crates.io-index)",
 "memchr 2.7.6 (registry+https://github.com/rust-lang/crates.io-index)",
 "regex-automata 0.4.12 (registry+https://github.com/rust-lang/crates.io-index)",
 "regex-syntax 0.8.7 (registry+https://github.com/rust-lang/crates.io-index)",
]

[[package]]
name = "regex-automata"
version = "0.4.12"
source = "registry+https://github.com/rust-lang/crates.io-index"
dependencies = [
 "aho-corasick 1.1.3 (registry+https://github.com/rust-lang/crates.io-index)",
 "memchr 2.7.6 (registry+https://github.com/rust-lang/crates.io-index)",
 "regex-syntax 0.8.7 (registry+https://github.com/rust-lang/crates.io-index)",
]

[[package]]
name = "regex-syntax"
version = "0.8.7"
source = "registry+https://github.com/rust-lang/crates.io-index"

[[package]]
name = "rustversion"
version = "1.0.22"
source = "registry+https://github.com/rust-lang/crates.io-index"

[[package]]
name = "ryu"
version = "1.0.20"
source = "registry+https://github.com/rust-lang/crates.io-index"

[[package]]
name = "same-file"
version = "1.0.6"
source = "registry+https://github.com/rust-lang/crates.io-index"
dependencies = [
 "winapi-util 0.1.11 (registry+https://github.com/rust-lang/crates.io-index)",
]

[[package]]
name = "serde"
version = "1.0.228"
source = "registry+https://github.com/rust-lang/crates.io-index"
dependencies = [
 "serde_core 1.0.228 (registry+https://github.com/rust-lang/crates.io-index)",
 "serde_derive 1.0.228 (registry+https://github.com/rust-lang/crates.io-index)",
]

[[package]]
name = "serde_core"
version = "1.0.228"
source = "registry+https://github.com/rust-lang/crates.io-index"
dependencies = [
 "serde_derive 1.0.228 (registry+https://github.com/rust-lang/crates.io-index)",
]

[[package]]
name = "serde_derive"
version = "1.0.228"
source = "registry+https://github.com/rust-lang/crates.io-index"
dependencies = [
 "proc-macro2 1.0.101 (registry+https://github.com/rust-lang/crates.io-index)",
 "quote 1.0.41 (registry+https://github.com/rust-lang/crates.io-index)",
 "syn 2.0.106 (registry+https://github.com/rust-lang/crates.io-index)",
]

[[package]]
name = "serde_json"
version = "1.0.145"
source = "registry+https://github.com/rust-lang/crates.io-index"
dependencies = [
 "itoa 1.0.15 (registry+https://github.com/rust-lang/crates.io-index)",
 "memchr 2.7.6 (registry+https://github.com/rust-lang/crates.io-index)",
 "ryu 1.0.20 (registry+https://github.com/rust-lang/crates.io-index)",
 "serde 1.0.228 (registry+https://github.com/rust-lang/crates.io-index)",
 "serde_core 1.0.228 (registry+https://github.com/rust-lang/crates.io-index)",
]

[[package]]
name = "serde_test"
version = "1.0.177"
source = "git+https://github.com/taiki-e/serde_test.git?rev=df513c5#df513c55a97f0a72fa67bad5396ed09123e5676c"
dependencies = [
 "serde 1.0.228 (registry+https://github.com/rust-lang/crates.io-index)",
]

[[package]]
name = "shlex"
version = "1.3.0"
source = "registry+https://github.com/rust-lang/crates.io-index"

[[package]]
name = "sptr"
version = "0.3.2"
source = "registry+https://github.com/rust-lang/crates.io-index"

[[package]]
name = "static_assertions"
version = "1.1.0"
source = "registry+https://github.com/rust-lang/crates.io-index"

[[package]]
name = "syn"
version = "2.0.106"
source = "registry+https://github.com/rust-lang/crates.io-index"
dependencies = [
 "proc-macro2 1.0.101 (registry+https://github.com/rust-lang/crates.io-index)",
 "quote 1.0.41 (registry+https://github.com/rust-lang/crates.io-index)",
 "unicode-ident 1.0.19 (registry+https://github.com/rust-lang/crates.io-index)",
]

[[package]]
name = "tabwriter"
version = "1.4.1"
source = "registry+https://github.com/rust-lang/crates.io-index"
dependencies = [
 "unicode-width 0.2.2 (registry+https://github.com/rust-lang/crates.io-index)",
]

[[package]]
name = "termcolor"
version = "1.4.1"
source = "registry+https://github.com/rust-lang/crates.io-index"
dependencies = [
 "winapi-util 0.1.11 (registry+https://github.com/rust-lang/crates.io-index)",
]

[[package]]
name = "test-helper"
version = "0.0.0"
source = "git+https://github.com/taiki-e/test-helper.git?rev=9b4be43#9b4be43179b56491514c0b482dd8c39b22ecabb2"
dependencies = [
 "critical-section 1.2.0 (registry+https://github.com/rust-lang/crates.io-index)",
 "rustversion 1.0.22 (registry+https://github.com/rust-lang/crates.io-index)",
]

[[package]]
name = "unicode-ident"
version = "1.0.19"
source = "registry+https://github.com/rust-lang/crates.io-index"

[[package]]
name = "unicode-width"
version = "0.1.14"
source = "registry+https://github.com/rust-lang/crates.io-index"

[[package]]
name = "unicode-width"
version = "0.2.2"
source = "registry+https://github.com/rust-lang/crates.io-index"

[[package]]
name = "walkdir"
version = "2.5.0"
source = "registry+https://github.com/rust-lang/crates.io-index"
dependencies = [
 "same-file 1.0.6 (registry+https://github.com/rust-lang/crates.io-index)",
 "winapi-util 0.1.11 (registry+https://github.com/rust-lang/crates.io-index)",
]

[[package]]
name = "wasi"
version = "0.11.1+wasi-snapshot-preview1"
source = "registry+https://github.com/rust-lang/crates.io-index"

[[package]]
name = "winapi-util"
version = "0.1.11"
source = "registry+https://github.com/rust-lang/crates.io-index"
dependencies = [
 "windows-sys 0.61.2 (registry+https://github.com/rust-lang/crates.io-index)",
]

[[package]]
name = "windows-link"
version = "0.2.1"
source = "registry+https://github.com/rust-lang/crates.io-index"

[[package]]
name = "windows-sys"
version = "0.61.2"
source = "registry+https://github.com/rust-lang/crates.io-index"
dependencies = [
 "windows-link 0.2.1 (registry+https://github.com/rust-lang/crates.io-index)",
]

[[package]]
name = "zerocopy"
version = "0.8.27"
source = "registry+https://github.com/rust-lang/crates.io-index"
dependencies = [
 "zerocopy-derive 0.8.27 (registry+https://github.com/rust-lang/crates.io-index)",
]

[[package]]
name = "zerocopy-derive"
version = "0.8.27"
source = "registry+https://github.com/rust-lang/crates.io-index"
dependencies = [
 "proc-macro2 1.0.101 (registry+https://github.com/rust-lang/crates.io-index)",
 "quote 1.0.41 (registry+https://github.com/rust-lang/crates.io-index)",
 "syn 2.0.106 (registry+https://github.com/rust-lang/crates.io-index)",
]

[metadata]
"checksum aho-corasick 1.1.3 (registry+https://github.com/rust-lang/crates.io-index)" = "8e60d3430d3a69478ad0993f19238d2df97c507009a52b3c10addcd7f6bcb916"
"checksum anes 0.2.1 (registry+https://github.com/rust-lang/crates.io-index)" = "dc43e46599f3d77fcf2f2ca89e4d962910b0c19c44e7b58679cbbdfd1820a662"
"checksum build-context 0.1.3 (registry+https://github.com/rust-lang/crates.io-index)" = "86610cb1e9d45d65a31b574f9d69de003a76b6bb0b7d882396a5153fc547c935"
"checksum cc 1.2.41 (registry+https://github.com/rust-lang/crates.io-index)" = "ac9fe6cdbb24b6ade63616c0a0688e45bb56732262c158df3c0c4bea4ca47cb7"
"checksum cfg-if 1.0.3 (registry+https://github.com/rust-lang/crates.io-index)" = "2fd1289c04a9ea8cb22300a459a72a385d7c73d3259e2ed7dcb2af674838cfa9"
"checksum ciborium 0.2.2 (registry+https://github.com/rust-lang/crates.io-index)" = "42e69ffd6f0917f5c029256a24d0161db17cea3997d185db0d35926308770f0e"
"checksum ciborium-io 0.2.2 (registry+https://github.com/rust-lang/crates.io-index)" = "05afea1e0a06c9be33d539b876f1ce3692f4afea2cb41f740e7743225ed1c757"
"checksum ciborium-ll 0.2.2 (registry+https://github.com/rust-lang/crates.io-index)" = "57663b653d948a338bfb3eeba9bb2fd5fcfaecb9e199e87e1eda4d9e8b240fd9"
"checksum crabgrind 0.1.12 (registry+https://github.com/rust-lang/crates.io-index)" = "f9e452c480754e99194a6574d5588f3bb892e1974c15439e5af8df4a385b9a8a"
"checksum criterion 0.3.5 (git+https://github.com/taiki-e/criterion.rs.git?rev=8617cd7)" = "<none>"
"checksum critical-section 1.2.0 (registry+https://github.com/rust-lang/crates.io-index)" = "790eea4361631c5e7d22598ecd5723ff611904e3344ce8720784c93e3d83d40b"
"checksum crossbeam-utils 0.8.16 (registry+https://github.com/rust-lang/crates.io-index)" = "5a22b2d63d4d1dc0b7f1b6b2747dd0088008a9be28b6ddf0b1e7d335e3037294"
"checksum crunchy 0.2.4 (registry+https://github.com/rust-lang/crates.io-index)" = "460fbee9c2c2f33933d720630a6a0bac33ba7053db5344fac858d4b8952d77d5"
"checksum fastrand 2.3.0 (registry+https://github.com/rust-lang/crates.io-index)" = "37909eebbb50d72f9059c3b6d82c0463f2ff062c9e95845c43a6c9c0355411be"
"checksum find-msvc-tools 0.1.4 (registry+https://github.com/rust-lang/crates.io-index)" = "52051878f80a721bb68ebfbc930e07b65ba72f2da88968ea5c06fd6ca3d3a127"
"checksum getrandom 0.2.16 (registry+https://github.com/rust-lang/crates.io-index)" = "335ff9f135e4384c8150d6f27c6daed433577f86b4750418338c01a1a2528592"
"checksum half 2.7.0 (registry+https://github.com/rust-lang/crates.io-index)" = "e54c115d4f30f52c67202f079c5f9d8b49db4691f460fdb0b4c2e838261b2ba5"
"checksum itoa 1.0.15 (registry+https://github.com/rust-lang/crates.io-index)" = "4a5f13b858c8d314ee3e8f639011f7ccefe71f97f96e50151fb991f267928e2c"
"checksum jobserver 0.1.32 (registry+https://github.com/rust-lang/crates.io-index)" = "48d1dbcbbeb6a7fec7e059840aa538bd62aaccf972c7346c4d9d2059312853d0"
"checksum lexopt 0.3.1 (registry+https://github.com/rust-lang/crates.io-index)" = "9fa0e2a1fcbe2f6be6c42e342259976206b383122fc152e872795338b5a3f3a7"
"checksum libc 0.2.163 (registry+https://github.com/rust-lang/crates.io-index)" = "1fdaeca4cf44ed4ac623e86ef41f056e848dbeab7ec043ecb7326ba300b36fd0"
"checksum memchr 2.7.6 (registry+https://github.com/rust-lang/crates.io-index)" = "f52b00d39961fc5b2736ea853c9cc86238e165017a493d1d5c8eac6bdc4cc273"
"checksum paste 1.0.15 (registry+https://github.com/rust-lang/crates.io-index)" = "57c0d7b74b563b49d38dae00a0c37d4d6de9b432382b2892f0574ddcae73fd0a"
"checksum proc-macro2 1.0.101 (registry+https://github.com/rust-lang/crates.io-index)" = "89ae43fd86e4158d6db51ad8e2b80f313af9cc74f5c0e03ccb87de09998732de"
"checksum quickcheck 1.0.3 (git+https://github.com/taiki-e/quickcheck.git?rev=83b1d59)" = "<none>"
"checksum quote 1.0.41 (registry+https://github.com/rust-lang/crates.io-index)" = "ce25767e7b499d1b604768e7cde645d14cc8584231ea6b295e9c9eb22c02e1d1"
"checksum rand 0.8.5 (git+https://github.com/taiki-e/rand.git?branch=0.8-dev)" = "<none>"
"checksum rand_core 0.6.4 (git+https://github.com/taiki-e/rand.git?branch=0.8-dev)" = "<none>"
"checksum regex 1.12.1 (registry+https://github.com/rust-lang/crates.io-index)" = "4a52d8d02cacdb176ef4678de6c052efb4b3da14b78e4db683a4252762be5433"
"checksum regex-automata 0.4.12 (registry+https://github.com/rust-lang/crates.io-index)" = "722166aa0d7438abbaa4d5cc2c649dac844e8c56d82fb3d33e9c34b5cd268fc6"
"checksum regex-syntax 0.8.7 (registry+https://github.com/rust-lang/crates.io-index)" = "c3160422bbd54dd5ecfdca71e5fd59b7b8fe2b1697ab2baf64f6d05dcc66d298"
"checksum rustversion 1.0.22 (registry+https://github.com/rust-lang/crates.io-index)" = "b39cdef0fa800fc44525c84ccb54a029961a8215f9619753635a9c0d2538d46d"
"checksum ryu 1.0.20 (registry+https://github.com/rust-lang/crates.io-index)" = "28d3b2b1366ec20994f1fd18c3c594f05c5dd4bc44d8bb0c1c632c8d6829481f"
"checksum same-file 1.0.6 (registry+https://github.com/rust-lang/crates.io-index)" = "93fc1dc3aaa9bfed95e02e6eadabb4baf7e3078b0bd1b4d7b6b0b68378900502"
"checksum serde 1.0.228 (registry+https://github.com/rust-lang/crates.io-index)" = "9a8e94ea7f378bd32cbbd37198a4a91436180c5bb472411e48b5ec2e2124ae9e"
"checksum serde_core 1.0.228 (registry+https://github.com/rust-lang/crates.io-index)" = "41d385c7d4ca58e59fc732af25c3983b67ac852c1a25000afe1175de458b67ad"
"checksum serde_derive 1.0.228 (registry+https://github.com/rust-lang/crates.io-index)" = "d540f220d3187173da220f885ab66608367b6574e925011a9353e4badda91d79"
"checksum serde_json 1.0.145 (registry+https://github.com/rust-lang/crates.io-index)" = "402a6f66d8c709116cf22f558eab210f5a50187f702eb4d7e5ef38d9a7f1c79c"
"checksum serde_test 1.0.177 (git+https://github.com/taiki-e/serde_test.git?rev=df513c5)" = "<none>"
"checksum shlex 1.3.0 (registry+https://github.com/rust-lang/crates.io-index)" = "0fda2ff0d084019ba4d7c6f371c95d8fd75ce3524c3cb8fb653a3023f6323e64"
"checksum sptr 0.3.2 (registry+https://github.com/rust-lang/crates.io-index)" = "3b9b39299b249ad65f3b7e96443bad61c02ca5cd3589f46cb6d610a0fd6c0d6a"
"checksum static_assertions 1.1.0 (registry+https://github.com/rust-lang/crates.io-index)" = "a2eb9349b6444b326872e140eb1cf5e7c522154d69e7a0ffb0fb81c06b37543f"
"checksum syn 2.0.106 (registry+https://github.com/rust-lang/crates.io-index)" = "ede7c438028d4436d71104916910f5bb611972c5cfd7f89b8300a8186e6fada6"
"checksum tabwriter 1.4.1 (registry+https://github.com/rust-lang/crates.io-index)" = "fce91f2f0ec87dff7e6bcbbeb267439aa1188703003c6055193c821487400432"
"checksum termcolor 1.4.1 (registry+https://github.com/rust-lang/crates.io-index)" = "06794f8f6c5c898b3275aebefa6b8a1cb24cd2c6c79397ab15774837a0bc5755"
"checksum test-helper 0.0.0 (git+https://github.com/taiki-e/test-helper.git?rev=9b4be43)" = "<none>"
"checksum unicode-ident 1.0.19 (registry+https://github.com/rust-lang/crates.io-index)" = "f63a545481291138910575129486daeaf8ac54aee4387fe7906919f7830c7d9d"
"checksum unicode-width 0.1.14 (registry+https://github.com/rust-lang/crates.io-index)" = "7dd6e30e90baa6f72411720665d41d89b9a3d039dc45b8faea1ddd07f617f6af"
"checksum unicode-width 0.2.2 (registry+https://github.com/rust-lang/crates.io-index)" = "b4ac048d71ede7ee76d585517add45da530660ef4390e49b098733c6e897f254"
"checksum walkdir 2.5.0 (registry+https://github.com/rust-lang/crates.io-index)" = "29790946404f91d9c5d06f9874efddea1dc06c5efe94541a7d6863108e3a5e4b"
"checksum wasi 0.11.1+wasi-snapshot-preview1 (registry+https://github.com/rust-lang/crates.io-index)" = "ccf3ec651a847eb01de73ccad15eb7d99f80485de043efb2f370cd654f4ea44b"
"checksum winapi-util 0.1.11 (registry+https://github.com/rust-lang/crates.io-index)" = "c2a7b1c03c876122aa43f3020e6c3c3ee5c05081c9a00739faf7503aeba10d22"
"checksum windows-link 0.2.1 (registry+https://github.com/rust-lang/crates.io-index)" = "f0805222e57f7521d6a62e36fa9163bc891acd422f971defe97d64e70d0a4fe5"
"checksum windows-sys 0.61.2 (registry+https://github.com/rust-lang/crates.io-index)" = "ae137229bcbd6cdf0f7b80a31df61766145077ddf49416a728b02cb3921ff3fc"
"checksum zerocopy 0.8.27 (registry+https://github.com/rust-lang/crates.io-index)" = "0894878a5fa3edfd6da3f88c4805f4c8558e2b996227a3d864f47fe11e38282c"
"checksum zerocopy-derive 0.8.27 (registry+https://github.com/rust-lang/crates.io-index)" = "88d2b8d9c68ad2b9e4340d7832716a4d21a22a1154777ad56ea55c51a9cf3831"
